
Microsoft Visual Studio Solution File, Format Version 12.00
# Visual Studio Version 17
VisualStudioVersion = 17.3.32929.385
MinimumVisualStudioVersion = 10.0.40219.1
Project("{FAE04EC0-301F-11D3-BF4B-00C04F79EFBC}") = "DocumentedAttribute", "DocumentedAttribute.csproj", "{77D86712-D1AE-4AFF-96EB-E5B9B1DE142A}"
EndProject
Global
	GlobalSection(SolutionConfigurationPlatforms) = preSolution
		Debug|Any CPU = Debug|Any CPU
		Release|Any CPU = Release|Any CPU
	EndGlobalSection
	GlobalSection(ProjectConfigurationPlatforms) = postSolution
		{77D86712-D1AE-4AFF-96EB-E5B9B1DE142A}.Debug|Any CPU.ActiveCfg = Debug|Any CPU
		{77D86712-D1AE-4AFF-96EB-E5B9B1DE142A}.Debug|Any CPU.Build.0 = Debug|Any CPU
		{77D86712-D1AE-4AFF-96EB-E5B9B1DE142A}.Release|Any CPU.ActiveCfg = Release|Any CPU
		{77D86712-D1AE-4AFF-96EB-E5B9B1DE142A}.Release|Any CPU.Build.0 = Release|Any CPU
	EndGlobalSection
	GlobalSection(SolutionProperties) = preSolution
		HideSolutionNode = FALSE
	EndGlobalSection
	GlobalSection(ExtensibilityGlobals) = postSolution
		SolutionGuid = {57CC0ADF-1C89-4BA1-B975-1724FC86ED21}
	EndGlobalSection
EndGlobal
